
Microsoft Visual Studio Solution File, Format Version 12.00
# Visual Studio Version 16
VisualStudioVersion = 16.0.29709.97
MinimumVisualStudioVersion = 10.0.40219.1
Project("{FAE04EC0-301F-11D3-BF4B-00C04F79EFBC}") = "totalcmd_install", "totalcmd_install.csproj", "{E0A8F8AD-9A70-4C85-BF18-0B03500B8D95}"
EndProject
Global
	GlobalSection(SolutionConfigurationPlatforms) = preSolution
		Debug|Any CPU = Debug|Any CPU
		Release|Any CPU = Release|Any CPU
	EndGlobalSection
	GlobalSection(ProjectConfigurationPlatforms) = postSolution
		{E0A8F8AD-9A70-4C85-BF18-0B03500B8D95}.Debug|Any CPU.ActiveCfg = Debug|Any CPU
		{E0A8F8AD-9A70-4C85-BF18-0B03500B8D95}.Debug|Any CPU.Build.0 = Debug|Any CPU
		{E0A8F8AD-9A70-4C85-BF18-0B03500B8D95}.Release|Any CPU.ActiveCfg = Release|Any CPU
		{E0A8F8AD-9A70-4C85-BF18-0B03500B8D95}.Release|Any CPU.Build.0 = Release|Any CPU
	EndGlobalSection
	GlobalSection(SolutionProperties) = preSolution
		HideSolutionNode = FALSE
	EndGlobalSection
	GlobalSection(ExtensibilityGlobals) = postSolution
		SolutionGuid = {B1CFEA27-D09A-4FEA-999D-0FB3E34B1C9B}
	EndGlobalSection
EndGlobal
